
Microsoft Visual Studio Solution File, Format Version 12.00
# Visual Studio Version 17
VisualStudioVersion = 17.0.31521.260
MinimumVisualStudioVersion = 10.0.40219.1
Project("{2150E333-8FDC-42A3-9474-1A3956D46DE8}") = "Solution Items", "Solution Items", "{130553BC-6E45-4349-B007-0D8324414689}"
	ProjectSection(SolutionItems) = preProject
		.editorconfig = .editorconfig
	EndProjectSection
EndProject
Project("{9A19103F-16F7-4668-BE54-9A1E7A4F7556}") = "GitGrapher.Core", "D:\Code\Repos\GitGrapher\Core\GitGrapher.Core.csproj", "{FACA9C57-32AA-4CE2-83D4-55A1C4EBDE31}"
EndProject
Project("{9A19103F-16F7-4668-BE54-9A1E7A4F7556}") = "GitGrapher.Interface", "D:\Code\Repos\GitGrapher\Interface\GitGrapher.Interface.csproj", "{2DABD497-398E-4E3A-97D7-1B25AD8F37AA}"
EndProject
Global
	GlobalSection(SolutionConfigurationPlatforms) = preSolution
		Debug|Any CPU = Debug|Any CPU
		Debug|x64 = Debug|x64
		Release|Any CPU = Release|Any CPU
		Release|x64 = Release|x64
	EndGlobalSection
	GlobalSection(ProjectConfigurationPlatforms) = postSolution
		{FACA9C57-32AA-4CE2-83D4-55A1C4EBDE31}.Debug|Any CPU.ActiveCfg = Debug|Any CPU
		{FACA9C57-32AA-4CE2-83D4-55A1C4EBDE31}.Debug|Any CPU.Build.0 = Debug|Any CPU
		{FACA9C57-32AA-4CE2-83D4-55A1C4EBDE31}.Debug|x64.ActiveCfg = Debug|x64
		{FACA9C57-32AA-4CE2-83D4-55A1C4EBDE31}.Debug|x64.Build.0 = Debug|x64
		{FACA9C57-32AA-4CE2-83D4-55A1C4EBDE31}.Release|Any CPU.ActiveCfg = Release|Any CPU
		{FACA9C57-32AA-4CE2-83D4-55A1C4EBDE31}.Release|Any CPU.Build.0 = Release|Any CPU
		{FACA9C57-32AA-4CE2-83D4-55A1C4EBDE31}.Release|x64.ActiveCfg = Release|x64
		{FACA9C57-32AA-4CE2-83D4-55A1C4EBDE31}.Release|x64.Build.0 = Release|x64
		{2DABD497-398E-4E3A-97D7-1B25AD8F37AA}.Debug|Any CPU.ActiveCfg = Debug|Any CPU
		{2DABD497-398E-4E3A-97D7-1B25AD8F37AA}.Debug|Any CPU.Build.0 = Debug|Any CPU
		{2DABD497-398E-4E3A-97D7-1B25AD8F37AA}.Debug|x64.ActiveCfg = Debug|Any CPU
		{2DABD497-398E-4E3A-97D7-1B25AD8F37AA}.Debug|x64.Build.0 = Debug|Any CPU
		{2DABD497-398E-4E3A-97D7-1B25AD8F37AA}.Release|Any CPU.ActiveCfg = Release|Any CPU
		{2DABD497-398E-4E3A-97D7-1B25AD8F37AA}.Release|Any CPU.Build.0 = Release|Any CPU
		{2DABD497-398E-4E3A-97D7-1B25AD8F37AA}.Release|x64.ActiveCfg = Release|Any CPU
		{2DABD497-398E-4E3A-97D7-1B25AD8F37AA}.Release|x64.Build.0 = Release|Any CPU
	EndGlobalSection
	GlobalSection(SolutionProperties) = preSolution
		HideSolutionNode = FALSE
	EndGlobalSection
	GlobalSection(ExtensibilityGlobals) = postSolution
		SolutionGuid = {C8DE4B2E-D198-46C6-AD93-714C64589313}
	EndGlobalSection
EndGlobal
